{
  "name": "calc",
  "version": "1.0.0",
  "lockfileVersion": 2,
  "requires": true,
  "packages": {
    "": {
      "name": "calc",
      "version": "1.0.0",
      "license": "ISC",
      "dependencies": {
        "big.js": "^6.2.1"
      }
    },
    "node_modules/big.js": {
      "version": "6.2.1",
      "resolved": "https://registry.npmmirror.com/big.js/-/big.js-6.2.1.tgz",
      "integrity": "sha512-bCtHMwL9LeDIozFn+oNhhFoq+yQ3BNdnsLSASUxLciOb1vgvpHsIO1dsENiGMgbb4SkP5TrzWzRiLddn8ahVOQ==",
      "engines": {
        "node": "*"
      }
    }
  },
  "dependencies": {
    "big.js": {
      "version": "6.2.1",
      "resolved": "https://registry.npmmirror.com/big.js/-/big.js-6.2.1.tgz",
      "integrity": "sha512-bCtHMwL9LeDIozFn+oNhhFoq+yQ3BNdnsLSASUxLciOb1vgvpHsIO1dsENiGMgbb4SkP5TrzWzRiLddn8ahVOQ=="
    }
  }
}
